
Microsoft Visual Studio Solution File, Format Version 12.00
# Visual Studio Version 17
VisualStudioVersion = 17.0.31912.275
MinimumVisualStudioVersion = 10.0.40219.1
Project("{8BC9CEB8-8B4A-11D0-8D11-00A0C91BC942}") = "21project", "21project.vcxproj", "{02C8BEFE-ADFE-4438-828B-394B9E695264}"
EndProject
Global
	GlobalSection(SolutionConfigurationPlatforms) = preSolution
		Debug|x64 = Debug|x64
		Debug|x86 = Debug|x86
		Release|x64 = Release|x64
		Release|x86 = Release|x86
	EndGlobalSection
	GlobalSection(ProjectConfigurationPlatforms) = postSolution
		{02C8BEFE-ADFE-4438-828B-394B9E695264}.Debug|x64.ActiveCfg = Debug|x64
		{02C8BEFE-ADFE-4438-828B-394B9E695264}.Debug|x64.Build.0 = Debug|x64
		{02C8BEFE-ADFE-4438-828B-394B9E695264}.Debug|x86.ActiveCfg = Debug|Win32
		{02C8BEFE-ADFE-4438-828B-394B9E695264}.Debug|x86.Build.0 = Debug|Win32
		{02C8BEFE-ADFE-4438-828B-394B9E695264}.Release|x64.ActiveCfg = Release|x64
		{02C8BEFE-ADFE-4438-828B-394B9E695264}.Release|x64.Build.0 = Release|x64
		{02C8BEFE-ADFE-4438-828B-394B9E695264}.Release|x86.ActiveCfg = Release|Win32
		{02C8BEFE-ADFE-4438-828B-394B9E695264}.Release|x86.Build.0 = Release|Win32
	EndGlobalSection
	GlobalSection(SolutionProperties) = preSolution
		HideSolutionNode = FALSE
	EndGlobalSection
	GlobalSection(ExtensibilityGlobals) = postSolution
		SolutionGuid = {CF06C3D7-C9F2-4992-AF74-C8360A4F5E05}
	EndGlobalSection
EndGlobal
